
Microsoft Visual Studio Solution File, Format Version 12.00
# Visual Studio Version 17
VisualStudioVersion = 17.13.35931.197 d17.13
MinimumVisualStudioVersion = 10.0.40219.1
Project("{F2A71F9B-5D33-465A-A702-920D77279786}") = "Logari", "Logari\Logari.fsproj", "{8B9015DB-84ED-7949-A27F-DE1203E96E61}"
EndProject
Project("{F2A71F9B-5D33-465A-A702-920D77279786}") = "Logari.Logary", "Logari.Logary\Logari.Logary.fsproj", "{EC9E6844-21EA-0E8A-D62F-FF2BD7F2F9C7}"
EndProject
Global
	GlobalSection(SolutionConfigurationPlatforms) = preSolution
		Debug|Any CPU = Debug|Any CPU
		Release|Any CPU = Release|Any CPU
	EndGlobalSection
	GlobalSection(ProjectConfigurationPlatforms) = postSolution
		{8B9015DB-84ED-7949-A27F-DE1203E96E61}.Debug|Any CPU.ActiveCfg = Debug|Any CPU
		{8B9015DB-84ED-7949-A27F-DE1203E96E61}.Debug|Any CPU.Build.0 = Debug|Any CPU
		{8B9015DB-84ED-7949-A27F-DE1203E96E61}.Release|Any CPU.ActiveCfg = Release|Any CPU
		{8B9015DB-84ED-7949-A27F-DE1203E96E61}.Release|Any CPU.Build.0 = Release|Any CPU
		{EC9E6844-21EA-0E8A-D62F-FF2BD7F2F9C7}.Debug|Any CPU.ActiveCfg = Debug|Any CPU
		{EC9E6844-21EA-0E8A-D62F-FF2BD7F2F9C7}.Debug|Any CPU.Build.0 = Debug|Any CPU
		{EC9E6844-21EA-0E8A-D62F-FF2BD7F2F9C7}.Release|Any CPU.ActiveCfg = Release|Any CPU
		{EC9E6844-21EA-0E8A-D62F-FF2BD7F2F9C7}.Release|Any CPU.Build.0 = Release|Any CPU
	EndGlobalSection
	GlobalSection(SolutionProperties) = preSolution
		HideSolutionNode = FALSE
	EndGlobalSection
	GlobalSection(ExtensibilityGlobals) = postSolution
		SolutionGuid = {654915AB-241C-43BC-87E1-B597985C0357}
	EndGlobalSection
EndGlobal
